
Microsoft Visual Studio Solution File, Format Version 12.00
# Visual Studio 15
VisualStudioVersion = 15.0.28307.852
MinimumVisualStudioVersion = 10.0.40219.1
Project("{2150E333-8FDC-42A3-9474-1A3956D46DE8}") = "Solution Items", "Solution Items", "{F87DD559-399B-4664-B82C-9DD2F7495F16}"
	ProjectSection(SolutionItems) = preProject
		.dockerignore = .dockerignore
		Dockerfile = Dockerfile
	EndProjectSection
EndProject
Project("{2150E333-8FDC-42A3-9474-1A3956D46DE8}") = "src", "src", "{A72DFDC3-03B8-4F76-BDB1-335339B25179}"
EndProject
Project("{9A19103F-16F7-4668-BE54-9A1E7A4F7556}") = "Sanremo.Web", "src\Sanremo.Web\Sanremo.Web.csproj", "{CF55BFD6-6016-4E6E-B024-0B6F4C3F0A69}"
EndProject
Global
	GlobalSection(SolutionConfigurationPlatforms) = preSolution
		Debug|Any CPU = Debug|Any CPU
		Release|Any CPU = Release|Any CPU
	EndGlobalSection
	GlobalSection(ProjectConfigurationPlatforms) = postSolution
		{CF55BFD6-6016-4E6E-B024-0B6F4C3F0A69}.Debug|Any CPU.ActiveCfg = Debug|Any CPU
		{CF55BFD6-6016-4E6E-B024-0B6F4C3F0A69}.Debug|Any CPU.Build.0 = Debug|Any CPU
		{CF55BFD6-6016-4E6E-B024-0B6F4C3F0A69}.Release|Any CPU.ActiveCfg = Release|Any CPU
		{CF55BFD6-6016-4E6E-B024-0B6F4C3F0A69}.Release|Any CPU.Build.0 = Release|Any CPU
	EndGlobalSection
	GlobalSection(SolutionProperties) = preSolution
		HideSolutionNode = FALSE
	EndGlobalSection
	GlobalSection(NestedProjects) = preSolution
		{CF55BFD6-6016-4E6E-B024-0B6F4C3F0A69} = {A72DFDC3-03B8-4F76-BDB1-335339B25179}
	EndGlobalSection
	GlobalSection(ExtensibilityGlobals) = postSolution
		SolutionGuid = {31848F07-05AE-42B2-9160-1524C3F1F93B}
	EndGlobalSection
EndGlobal
